# THIS IS AN AUTOGENERATED FILE. DO NOT EDIT THIS FILE DIRECTLY.
# yarn lockfile v1


"@babel/runtime@^7.10.2":
  version "7.12.1"
  resolved "https://registry.yarnpkg.com/@babel/runtime/-/runtime-7.12.1.tgz#b4116a6b6711d010b2dad3b7b6e43bf1b9954740"
  integrity sha512-J5AIf3vPj3UwXaAzb5j1xM4WAQDX3EMgemF8rjCP3SoW09LfRKAXQKt6CoVYl230P6iWdRcBbnLDDdnqWxZSCA==
  dependencies:
    regenerator-runtime "^0.13.4"

"@editorjs/checklist@^1.2.0":
  version "1.2.0"
  resolved "https://registry.yarnpkg.com/@editorjs/checklist/-/checklist-1.2.0.tgz#be66a591449ee3871e654803280dc43e14a0ad4e"
  integrity sha512-guvhP6YB8ha8JpzlHeNOdYSCFoqjumofbcGkLXheW9laU6HTzT9wDNtaCWd6O5rr677UMrJxEntA7CRsnOzrxQ==

"@editorjs/code@^2.6.0":
  version "2.6.0"
  resolved "https://registry.yarnpkg.com/@editorjs/code/-/code-2.6.0.tgz#402df60d788e211894fde755c5435ba26cc075da"
  integrity sha512-vJL8EebHQ6cNT1iPmlAtQN5gIy5gAPyElwJDVwOOgczZGR0vstCjwLP9YY2ThsHMv1dwiUXO0JsRqw9m5W7GDw==

"@editorjs/editorjs@^2.19.0":
  version "2.19.0"
  resolved "https://registry.yarnpkg.com/@editorjs/editorjs/-/editorjs-2.19.0.tgz#ac98f7b1e627c89b51c4430f6aa325e873ade7fc"
  integrity sha512-8PUVaBZx69IrG8dNrE+FZbHSiRTR8ql8L/cmEi1mOdEdTqnOLq5Wv9dgemK00mBWEgNoavMAjtGQpItGknAa8A==
  dependencies:
    codex-notifier "^1.1.2"
    codex-tooltip "^1.0.1"

"@editorjs/header@^2.6.0":
  version "2.6.0"
  resolved "https://registry.yarnpkg.com/@editorjs/header/-/header-2.6.0.tgz#64d1c6af7eefd7ad272d12dbf7ccef8b56771240"
  integrity sha512-1psNX/irDjJ8Bp1l7DjkYWz7IBtjVIRANk7kPkNoY2CfAeeCFYbJmMlXdqTF2WeAjYv2WMy5ey/aR5fTccgFaw==

"@editorjs/link@^2.3.1":
  version "2.3.1"
  resolved "https://registry.yarnpkg.com/@editorjs/link/-/link-2.3.1.tgz#f4525192670429dd97a1fcc52e607deaa26dddef"
  integrity sha512-FvZTzgMd8jPZOwcs/ns65hW5H6xAPyxMG/pUsOTDuSH40Ko1G7QPPtUJJ3M6vOH5GJQ9KVwQ3ng3Kx4P9ndFWQ==
  dependencies:
    "@babel/runtime" "^7.10.2"

"@editorjs/list@^1.6.0":
  version "1.6.0"
  resolved "https://registry.yarnpkg.com/@editorjs/list/-/list-1.6.0.tgz#6e59030ec577b3a0e88b37db118992a8f405eb9a"
  integrity sha512-2oJ3Nj3lDcIKS6GcrHYHzUUabIjg7zlXTYXQWdEWXevbnM0/fq+4psyI/AYtqbaa3jN+bycPBIW4OG3zD+3d5A==

"@editorjs/marker@^1.2.2":
  version "1.2.2"
  resolved "https://registry.yarnpkg.com/@editorjs/marker/-/marker-1.2.2.tgz#d9261a257436bf70179c0fa1e766ab85c823c96b"
  integrity sha512-BN/IHbVKKahGnMAiBOV5U7XUjfF6JkIkTZ6qNLxtTr7PUPM8UsJV8G8pyll9CX+XRUYYZyokA2kEBHTS4vUyyw==

"@editorjs/paragraph@^2.8.0":
  version "2.8.0"
  resolved "https://registry.yarnpkg.com/@editorjs/paragraph/-/paragraph-2.8.0.tgz#11cc381fcafaf8b9160517ce65d59eee93fc4af9"
  integrity sha512-z6w5ZR0ru3p/IjxJW/tb7OcSnVttkZukQMIsnBMX1FIKc1BNdr7NwM1YoCyTl4OnC90YfL0xgES6/20/W267pw==

"@editorjs/quote@^2.4.0":
  version "2.4.0"
  resolved "https://registry.yarnpkg.com/@editorjs/quote/-/quote-2.4.0.tgz#effe570f9055831a230e0417fafa6091a6169a47"
  integrity sha512-IWOBWjL2ngPP63GcIAltyD9kc7OVZFma4kS+T5JRHvKKDspYsnmrxsbRmCPc+coZQzqPxXHkiOZuNMdmGX/Y3w==

"@editorjs/simple-image@^1.4.0":
  version "1.4.0"
  resolved "https://registry.yarnpkg.com/@editorjs/simple-image/-/simple-image-1.4.0.tgz#4c96a3304f3cf477ccb13de82f40d03bd42e6c0e"
  integrity sha512-rARMYyTP7OUzf+YhrgUpXzc1yHhER6a9G8mxdnuSF0N9Kt8r1BGqe808YNs20TfMRpYgMXHvP9iiKGgooSPhmg==

"@editorjs/warning@^1.2.0":
  version "1.2.0"
  resolved "https://registry.yarnpkg.com/@editorjs/warning/-/warning-1.2.0.tgz#245a2286a2e996512ac345275b64fa638e319f5e"
  integrity sha512-CMIsB+b8Ti8/duOzYfKn1upFEEMxj821RDyBbDx8iku4DRql524VnAErvd00sYnFpKKbXNOF4oQnBo/7bDIzPQ==

codex-notifier@^1.1.2:
  version "1.1.2"
  resolved "https://registry.yarnpkg.com/codex-notifier/-/codex-notifier-1.1.2.tgz#a733079185f4c927fa296f1d71eb8753fe080895"
  integrity sha512-DCp6xe/LGueJ1N5sXEwcBc3r3PyVkEEDNWCVigfvywAkeXcZMk9K41a31tkEFBW0Ptlwji6/JlAb49E3Yrxbtg==

codex-tooltip@^1.0.1:
  version "1.0.1"
  resolved "https://registry.yarnpkg.com/codex-tooltip/-/codex-tooltip-1.0.1.tgz#f6e4f39d81507f9c455b667f1287746d14ee8056"
  integrity sha512-1xLb1NZbxguNtf02xBRhDphq/EXvMMeEbY0ievjQTHqf8UjXsD41evGk9rqcbjpl+JOjNgtwnp1OaU/X/h6fhQ==

regenerator-runtime@^0.13.4:
  version "0.13.7"
  resolved "https://registry.yarnpkg.com/regenerator-runtime/-/regenerator-runtime-0.13.7.tgz#cac2dacc8a1ea675feaabaeb8ae833898ae46f55"
  integrity sha512-a54FxoJDIr27pgf7IgeQGxmqUNYrcV338lf/6gH456HZ/PhX+5BcwHXG9ajESmwe6WRO0tAzRUrRmNONWgkrew==
